// !$*UTF8*$!
{
	archiveVersion = 1;
	classes = {
	};
	objectVersion = 46;
	objects = {

/* Begin PBXBuildFile section */
		6C404E0D1F6917230023807F /* AppDelegate.swift in Sources */ = {isa = PBXBuildFile; fileRef = 6C404E0C1F6917230023807F /* AppDelegate.swift */; };
		6C404E121F6917230023807F /* Main.storyboard in Resources */ = {isa = PBXBuildFile; fileRef = 6C404E101F6917230023807F /* Main.storyboard */; };
		6C404E141F6917230023807F /* Assets.xcassets in Resources */ = {isa = PBXBuildFile; fileRef = 6C404E131F6917230023807F /* Assets.xcassets */; };
		6C404E171F6917230023807F /* LaunchScreen.storyboard in Resources */ = {isa = PBXBuildFile; fileRef = 6C404E151F6917230023807F /* LaunchScreen.storyboard */; };
		6C404E251F6BBB7D0023807F /* CollectionsViewer.swift in Sources */ = {isa = PBXBuildFile; fileRef = 6C404E241F6BBB7D0023807F /* CollectionsViewer.swift */; };
		6C404E281F6BBB9A0023807F /* ViewController.swift in Sources */ = {isa = PBXBuildFile; fileRef = 6C404E261F6BBB9A0023807F /* ViewController.swift */; };
		6C404E291F6BBB9A0023807F /* ViewController.xib in Resources */ = {isa = PBXBuildFile; fileRef = 6C404E271F6BBB9A0023807F /* ViewController.xib */; };
/* End PBXBuildFile section */

/* Begin PBXFileReference section */
		6C404E091F6917230023807F /* CollectionsViewer.app */ = {isa = PBXFileReference; explicitFileType = wrapper.application; includeInIndex = 0; path = CollectionsViewer.app; sourceTree = BUILT_PRODUCTS_DIR; };
		6C404E0C1F6917230023807F /* AppDelegate.swift */ = {isa = PBXFileReference; lastKnownFileType = sourcecode.swift; path = AppDelegate.swift; sourceTree = "<group>"; };
		6C404E111F6917230023807F /* Base */ = {isa = PBXFileReference; lastKnownFileType = file.storyboard; name = Base; path = Base.lproj/Main.storyboard; sourceTree = "<group>"; };
		6C404E131F6917230023807F /* Assets.xcassets */ = {isa = PBXFileReference; lastKnownFileType = folder.assetcatalog; path = Assets.xcassets; sourceTree = "<group>"; };
		6C404E161F6917230023807F /* Base */ = {isa = PBXFileReference; lastKnownFileType = file.storyboard; name = Base; path = Base.lproj/LaunchScreen.storyboard; sourceTree = "<group>"; };
		6C404E181F6917230023807F /* Info.plist */ = {isa = PBXFileReference; lastKnownFileType = text.plist.xml; path = Info.plist; sourceTree = "<group>"; };
		6C404E241F6BBB7D0023807F /* CollectionsViewer.swift */ = {isa = PBXFileReference; fileEncoding = 4; lastKnownFileType = sourcecode.swift; path = CollectionsViewer.swift; sourceTree = "<group>"; };
		6C404E261F6BBB9A0023807F /* ViewController.swift */ = {isa = PBXFileReference; fileEncoding = 4; lastKnownFileType = sourcecode.swift; path = ViewController.swift; sourceTree = "<group>"; };
		6C404E271F6BBB9A0023807F /* ViewController.xib */ = {isa = PBXFileReference; fileEncoding = 4; lastKnownFileType = file.xib; path = ViewController.xib; sourceTree = "<group>"; };
/* End PBXFileReference section */

/* Begin PBXFrameworksBuildPhase section */
		6C404E061F6917230023807F /* Frameworks */ = {
			isa = PBXFrameworksBuildPhase;
			buildActionMask = 2147483647;
			files = (
			);
			runOnlyForDeploymentPostprocessing = 0;
		};
/* End PBXFrameworksBuildPhase section */

/* Begin PBXGroup section */
		6C404E001F6917230023807F = {
			isa = PBXGroup;
			children = (
				6C404E0B1F6917230023807F /* CollectionsViewer */,
				6C404E0A1F6917230023807F /* Products */,
			);
			sourceTree = "<group>";
		};
		6C404E0A1F6917230023807F /* Products */ = {
			isa = PBXGroup;
			children = (
				6C404E091F6917230023807F /* CollectionsViewer.app */,
			);
			name = Products;
			sourceTree = "<group>";
		};
		6C404E0B1F6917230023807F /* CollectionsViewer */ = {
			isa = PBXGroup;
			children = (
				6C404E231F6BBB650023807F /* CollectionsViewer */,
				6C404E221F6BBB5A0023807F /* screens */,
				6C404E0C1F6917230023807F /* AppDelegate.swift */,
				6C404E101F6917230023807F /* Main.storyboard */,
				6C404E131F6917230023807F /* Assets.xcassets */,
				6C404E151F6917230023807F /* LaunchScreen.storyboard */,
				6C404E181F6917230023807F /* Info.plist */,
			);
			path = CollectionsViewer;
			sourceTree = "<group>";
		};
		6C404E221F6BBB5A0023807F /* screens */ = {
			isa = PBXGroup;
			children = (
				6C404E261F6BBB9A0023807F /* ViewController.swift */,
				6C404E271F6BBB9A0023807F /* ViewController.xib */,
			);
			path = screens;
			sourceTree = "<group>";
		};
		6C404E231F6BBB650023807F /* CollectionsViewer */ = {
			isa = PBXGroup;
			children = (
				6C404E241F6BBB7D0023807F /* CollectionsViewer.swift */,
			);
			path = CollectionsViewer;
			sourceTree = "<group>";
		};
/* End PBXGroup section */

/* Begin PBXNativeTarget section */
		6C404E081F6917230023807F /* CollectionsViewer */ = {
			isa = PBXNativeTarget;
			buildConfigurationList = 6C404E1B1F6917230023807F /* Build configuration list for PBXNativeTarget "CollectionsViewer" */;
			buildPhases = (
				6C404E051F6917230023807F /* Sources */,
				6C404E061F6917230023807F /* Frameworks */,
				6C404E071F6917230023807F /* Resources */,
			);
			buildRules = (
			);
			dependencies = (
			);
			name = CollectionsViewer;
			productName = CollectionsViewer;
			productReference = 6C404E091F6917230023807F /* CollectionsViewer.app */;
			productType = "com.apple.product-type.application";
		};
/* End PBXNativeTarget section */

/* Begin PBXProject section */
		6C404E011F6917230023807F /* Project object */ = {
			isa = PBXProject;
			attributes = {
				LastSwiftUpdateCheck = 0820;
				LastUpgradeCheck = 0820;
				ORGANIZATIONNAME = daxh;
				TargetAttributes = {
					6C404E081F6917230023807F = {
						CreatedOnToolsVersion = 8.2.1;
						ProvisioningStyle = Automatic;
					};
				};
			};
			buildConfigurationList = 6C404E041F6917230023807F /* Build configuration list for PBXProject "CollectionsViewer" */;
			compatibilityVersion = "Xcode 3.2";
			developmentRegion = English;
			hasScannedForEncodings = 0;
			knownRegions = (
				en,
				Base,
			);
			mainGroup = 6C404E001F6917230023807F;
			productRefGroup = 6C404E0A1F6917230023807F /* Products */;
			projectDirPath = "";
			projectRoot = "";
			targets = (
				6C404E081F6917230023807F /* CollectionsViewer */,
			);
		};
/* End PBXProject section */

/* Begin PBXResourcesBuildPhase section */
		6C404E071F6917230023807F /* Resources */ = {
			isa = PBXResourcesBuildPhase;
			buildActionMask = 2147483647;
			files = (
				6C404E291F6BBB9A0023807F /* ViewController.xib in Resources */,
				6C404E171F6917230023807F /* LaunchScreen.storyboard in Resources */,
				6C404E141F6917230023807F /* Assets.xcassets in Resources */,
				6C404E121F6917230023807F /* Main.storyboard in Resources */,
			);
			runOnlyForDeploymentPostprocessing = 0;
		};
/* End PBXResourcesBuildPhase section */

/* Begin PBXSourcesBuildPhase section */
		6C404E051F6917230023807F /* Sources */ = {
			isa = PBXSourcesBuildPhase;
			buildActionMask = 2147483647;
			files = (
				6C404E281F6BBB9A0023807F /* ViewController.swift in Sources */,
				6C404E0D1F6917230023807F /* AppDelegate.swift in Sources */,
				6C404E251F6BBB7D0023807F /* CollectionsViewer.swift in Sources */,
			);
			runOnlyForDeploymentPostprocessing = 0;
		};
/* End PBXSourcesBuildPhase section */

/* Begin PBXVariantGroup section */
		6C404E101F6917230023807F /* Main.storyboard */ = {
			isa = PBXVariantGroup;
			children = (
				6C404E111F6917230023807F /* Base */,
			);
			name = Main.storyboard;
			sourceTree = "<group>";
		};
		6C404E151F6917230023807F /* LaunchScreen.storyboard */ = {
			isa = PBXVariantGroup;
			children = (
				6C404E161F6917230023807F /* Base */,
			);
			name = LaunchScreen.storyboard;
			sourceTree = "<group>";
		};
/* End PBXVariantGroup section */

/* Begin XCBuildConfiguration section */
		6C404E191F6917230023807F /* Debug */ = {
			isa = XCBuildConfiguration;
			buildSettings = {
				ALWAYS_SEARCH_USER_PATHS = NO;
				CLANG_ANALYZER_NONNULL = YES;
				CLANG_CXX_LANGUAGE_STANDARD = "gnu++0x";
				CLANG_CXX_LIBRARY = "libc++";
				CLANG_ENABLE_MODULES = YES;
				CLANG_ENABLE_OBJC_ARC = YES;
				CLANG_WARN_BOOL_CONVERSION = YES;
				CLANG_WARN_CONSTANT_CONVERSION = YES;
				CLANG_WARN_DIRECT_OBJC_ISA_USAGE = YES_ERROR;
				CLANG_WARN_DOCUMENTATION_COMMENTS = YES;
				CLANG_WARN_EMPTY_BODY = YES;
				CLANG_WARN_ENUM_CONVERSION = YES;
				CLANG_WARN_INFINITE_RECURSION = YES;
				CLANG_WARN_INT_CONVERSION = YES;
				CLANG_WARN_OBJC_ROOT_CLASS = YES_ERROR;
				CLANG_WARN_SUSPICIOUS_MOVE = YES;
				CLANG_WARN_UNREACHABLE_CODE = YES;
				CLANG_WARN__DUPLICATE_METHOD_MATCH = YES;
				"CODE_SIGN_IDENTITY[sdk=iphoneos*]" = "iPhone Developer";
				COPY_PHASE_STRIP = NO;
				DEBUG_INFORMATION_FORMAT = dwarf;
				ENABLE_STRICT_OBJC_MSGSEND = YES;
				ENABLE_TESTABILITY = YES;
				GCC_C_LANGUAGE_STANDARD = gnu99;
				GCC_DYNAMIC_NO_PIC = NO;
				GCC_NO_COMMON_BLOCKS = YES;
				GCC_OPTIMIZATION_LEVEL = 0;
				GCC_PREPROCESSOR_DEFINITIONS = (
					"DEBUG=1",
					"$(inherited)",
				);
				GCC_WARN_64_TO_32_BIT_CONVERSION = YES;
				GCC_WARN_ABOUT_RETURN_TYPE = YES_ERROR;
				GCC_WARN_UNDECLARED_SELECTOR = YES;
				GCC_WARN_UNINITIALIZED_AUTOS = YES_AGGRESSIVE;
				GCC_WARN_UNUSED_FUNCTION = YES;
				GCC_WARN_UNUSED_VARIABLE = YES;
				IPHONEOS_DEPLOYMENT_TARGET = 10.2;
				MTL_ENABLE_DEBUG_INFO = YES;
				ONLY_ACTIVE_ARCH = YES;
				SDKROOT = iphoneos;
				SWIFT_ACTIVE_COMPILATION_CONDITIONS = DEBUG;
				SWIFT_OPTIMIZATION_LEVEL = "-Onone";
				TARGETED_DEVICE_FAMILY = "1,2";
			};
			name = Debug;
		};
		6C404E1A1F6917230023807F /* Release */ = {
			isa = XCBuildConfiguration;
			buildSettings = {
				ALWAYS_SEARCH_USER_PATHS = NO;
				CLANG_ANALYZER_NONNULL = YES;
				CLANG_CXX_LANGUAGE_STANDARD = "gnu++0x";
				CLANG_CXX_LIBRARY = "libc++";
				CLANG_ENABLE_MODULES = YES;
				CLANG_ENABLE_OBJC_ARC = YES;
				CLANG_WARN_BOOL_CONVERSION = YES;
				CLANG_WARN_CONSTANT_CONVERSION = YES;
				CLANG_WARN_DIRECT_OBJC_ISA_USAGE = YES_ERROR;
				CLANG_WARN_DOCUMENTATION_COMMENTS = YES;
				CLANG_WARN_EMPTY_BODY = YES;
				CLANG_WARN_ENUM_CONVERSION = YES;
				CLANG_WARN_INFINITE_RECURSION = YES;
				CLANG_WARN_INT_CONVERSION = YES;
				CLANG_WARN_OBJC_ROOT_CLASS = YES_ERROR;
				CLANG_WARN_SUSPICIOUS_MOVE = YES;
				CLANG_WARN_UNREACHABLE_CODE = YES;
				CLANG_WARN__DUPLICATE_METHOD_MATCH = YES;
				"CODE_SIGN_IDENTITY[sdk=iphoneos*]" = "iPhone Developer";
				COPY_PHASE_STRIP = NO;
				DEBUG_INFORMATION_FORMAT = "dwarf-with-dsym";
				ENABLE_NS_ASSERTIONS = NO;
				ENABLE_STRICT_OBJC_MSGSEND = YES;
				GCC_C_LANGUAGE_STANDARD = gnu99;
				GCC_NO_COMMON_BLOCKS = YES;
				GCC_WARN_64_TO_32_BIT_CONVERSION = YES;
				GCC_WARN_ABOUT_RETURN_TYPE = YES_ERROR;
				GCC_WARN_UNDECLARED_SELECTOR = YES;
				GCC_WARN_UNINITIALIZED_AUTOS = YES_AGGRESSIVE;
				GCC_WARN_UNUSED_FUNCTION = YES;
				GCC_WARN_UNUSED_VARIABLE = YES;
				IPHONEOS_DEPLOYMENT_TARGET = 10.2;
				MTL_ENABLE_DEBUG_INFO = NO;
				SDKROOT = iphoneos;
				SWIFT_OPTIMIZATION_LEVEL = "-Owholemodule";
				TARGETED_DEVICE_FAMILY = "1,2";
				VALIDATE_PRODUCT = YES;
			};
			name = Release;
		};
		6C404E1C1F6917230023807F /* Debug */ = {
			isa = XCBuildConfiguration;
			buildSettings = {
				ASSETCATALOG_COMPILER_APPICON_NAME = AppIcon;
				INFOPLIST_FILE = CollectionsViewer/Info.plist;
				IPHONEOS_DEPLOYMENT_TARGET = 9.0;
				LD_RUNPATH_SEARCH_PATHS = "$(inherited) @executable_path/Frameworks";
				PRODUCT_BUNDLE_IDENTIFIER = com.daxh.ios.CollectionsViewer;
				PRODUCT_NAME = "$(TARGET_NAME)";
				SWIFT_VERSION = 3.0;
			};
			name = Debug;
		};
		6C404E1D1F6917230023807F /* Release */ = {
			isa = XCBuildConfiguration;
			buildSettings = {
				ASSETCATALOG_COMPILER_APPICON_NAME = AppIcon;
				INFOPLIST_FILE = CollectionsViewer/Info.plist;
				IPHONEOS_DEPLOYMENT_TARGET = 9.0;
				LD_RUNPATH_SEARCH_PATHS = "$(inherited) @executable_path/Frameworks";
				PRODUCT_BUNDLE_IDENTIFIER = com.daxh.ios.CollectionsViewer;
				PRODUCT_NAME = "$(TARGET_NAME)";
				SWIFT_VERSION = 3.0;
			};
			name = Release;
		};
/* End XCBuildConfiguration section */

/* Begin XCConfigurationList section */
		6C404E041F6917230023807F /* Build configuration list for PBXProject "CollectionsViewer" */ = {
			isa = XCConfigurationList;
			buildConfigurations = (
				6C404E191F6917230023807F /* Debug */,
				6C404E1A1F6917230023807F /* Release */,
			);
			defaultConfigurationIsVisible = 0;
			defaultConfigurationName = Release;
		};
		6C404E1B1F6917230023807F /* Build configuration list for PBXNativeTarget "CollectionsViewer" */ = {
			isa = XCConfigurationList;
			buildConfigurations = (
				6C404E1C1F6917230023807F /* Debug */,
				6C404E1D1F6917230023807F /* Release */,
			);
			defaultConfigurationIsVisible = 0;
		};
/* End XCConfigurationList section */
	};
	rootObject = 6C404E011F6917230023807F /* Project object */;
}
